// !$*UTF8*$!
{
	archiveVersion = 1;
	classes = {
	};
	objectVersion = 46;
	objects = {

/* Begin PBXBuildFile section */
		E061E3E318D988B300CF6AEC /* ZMQServer.m in Sources */ = {isa = PBXBuildFile; fileRef = E061E3E218D988B300CF6AEC /* ZMQServer.m */; };
		E076866118E0CA1A000FAB87 /* helloworld.js in Sources */ = {isa = PBXBuildFile; fileRef = E076866018E0CA1A000FAB87 /* helloworld.js */; };
		E07BE5DD18D052B50042B346 /* Foundation.framework in Frameworks */ = {isa = PBXBuildFile; fileRef = E07BE5DC18D052B50042B346 /* Foundation.framework */; };
		E07BE5DF18D052B50042B346 /* CoreGraphics.framework in Frameworks */ = {isa = PBXBuildFile; fileRef = E07BE5DE18D052B50042B346 /* CoreGraphics.framework */; };
		E07BE5E118D052B50042B346 /* UIKit.framework in Frameworks */ = {isa = PBXBuildFile; fileRef = E07BE5E018D052B50042B346 /* UIKit.framework */; };
		E07BE5E718D052B50042B346 /* InfoPlist.strings in Resources */ = {isa = PBXBuildFile; fileRef = E07BE5E518D052B50042B346 /* InfoPlist.strings */; };
		E07BE5E918D052B50042B346 /* main.m in Sources */ = {isa = PBXBuildFile; fileRef = E07BE5E818D052B50042B346 /* main.m */; };
		E07BE5ED18D052B50042B346 /* AppDelegate.m in Sources */ = {isa = PBXBuildFile; fileRef = E07BE5EC18D052B50042B346 /* AppDelegate.m */; };
		E07BE5F018D052B50042B346 /* Main.storyboard in Resources */ = {isa = PBXBuildFile; fileRef = E07BE5EE18D052B50042B346 /* Main.storyboard */; };
		E07BE5F318D052B50042B346 /* ViewController.m in Sources */ = {isa = PBXBuildFile; fileRef = E07BE5F218D052B50042B346 /* ViewController.m */; };
		E07BE5F518D052B50042B346 /* Images.xcassets in Resources */ = {isa = PBXBuildFile; fileRef = E07BE5F418D052B50042B346 /* Images.xcassets */; };
		E07BE61318D053B70042B346 /* LICENSE in Resources */ = {isa = PBXBuildFile; fileRef = E07BE61218D053B70042B346 /* LICENSE */; };
		E07BE61518D053C00042B346 /* README.markdown in Resources */ = {isa = PBXBuildFile; fileRef = E07BE61418D053C00042B346 /* README.markdown */; };
		E0DCDB2A18D7629000F322BC /* ZMQContext.m in Sources */ = {isa = PBXBuildFile; fileRef = E0DCDB2418D7629000F322BC /* ZMQContext.m */; };
		E0DCDB2B18D7629000F322BC /* ZMQException.m in Sources */ = {isa = PBXBuildFile; fileRef = E0DCDB2618D7629000F322BC /* ZMQException.m */; };
		E0DCDB2C18D7629000F322BC /* ZMQSocket.m in Sources */ = {isa = PBXBuildFile; fileRef = E0DCDB2918D7629000F322BC /* ZMQSocket.m */; };
		E0DCDB2E18D7634200F322BC /* UniversaliOS.framework in Frameworks */ = {isa = PBXBuildFile; fileRef = E0DCDB2D18D7634200F322BC /* UniversaliOS.framework */; };
/* End PBXBuildFile section */

/* Begin PBXFileReference section */
		E061E3E118D988B300CF6AEC /* ZMQServer.h */ = {isa = PBXFileReference; fileEncoding = 4; lastKnownFileType = sourcecode.c.h; path = ZMQServer.h; sourceTree = "<group>"; };
		E061E3E218D988B300CF6AEC /* ZMQServer.m */ = {isa = PBXFileReference; fileEncoding = 4; lastKnownFileType = sourcecode.c.objc; path = ZMQServer.m; sourceTree = "<group>"; };
		E076866018E0CA1A000FAB87 /* helloworld.js */ = {isa = PBXFileReference; fileEncoding = 4; lastKnownFileType = sourcecode.javascript; path = helloworld.js; sourceTree = "<group>"; };
		E07BE5D918D052B50042B346 /* iPhone-ZeroMQ.app */ = {isa = PBXFileReference; explicitFileType = wrapper.application; includeInIndex = 0; path = "iPhone-ZeroMQ.app"; sourceTree = BUILT_PRODUCTS_DIR; };
		E07BE5DC18D052B50042B346 /* Foundation.framework */ = {isa = PBXFileReference; lastKnownFileType = wrapper.framework; name = Foundation.framework; path = System/Library/Frameworks/Foundation.framework; sourceTree = SDKROOT; };
		E07BE5DE18D052B50042B346 /* CoreGraphics.framework */ = {isa = PBXFileReference; lastKnownFileType = wrapper.framework; name = CoreGraphics.framework; path = System/Library/Frameworks/CoreGraphics.framework; sourceTree = SDKROOT; };
		E07BE5E018D052B50042B346 /* UIKit.framework */ = {isa = PBXFileReference; lastKnownFileType = wrapper.framework; name = UIKit.framework; path = System/Library/Frameworks/UIKit.framework; sourceTree = SDKROOT; };
		E07BE5E418D052B50042B346 /* iPhone-ZeroMQ-Info.plist */ = {isa = PBXFileReference; lastKnownFileType = text.plist.xml; path = "iPhone-ZeroMQ-Info.plist"; sourceTree = "<group>"; };
		E07BE5E618D052B50042B346 /* en */ = {isa = PBXFileReference; lastKnownFileType = text.plist.strings; name = en; path = en.lproj/InfoPlist.strings; sourceTree = "<group>"; };
		E07BE5E818D052B50042B346 /* main.m */ = {isa = PBXFileReference; lastKnownFileType = sourcecode.c.objc; path = main.m; sourceTree = "<group>"; };
		E07BE5EA18D052B50042B346 /* iPhone-ZeroMQ-Prefix.pch */ = {isa = PBXFileReference; lastKnownFileType = sourcecode.c.h; path = "iPhone-ZeroMQ-Prefix.pch"; sourceTree = "<group>"; };
		E07BE5EB18D052B50042B346 /* AppDelegate.h */ = {isa = PBXFileReference; lastKnownFileType = sourcecode.c.h; path = AppDelegate.h; sourceTree = "<group>"; };
		E07BE5EC18D052B50042B346 /* AppDelegate.m */ = {isa = PBXFileReference; lastKnownFileType = sourcecode.c.objc; path = AppDelegate.m; sourceTree = "<group>"; };
		E07BE5EF18D052B50042B346 /* Base */ = {isa = PBXFileReference; lastKnownFileType = file.storyboard; name = Base; path = Base.lproj/Main.storyboard; sourceTree = "<group>"; };
		E07BE5F118D052B50042B346 /* ViewController.h */ = {isa = PBXFileReference; lastKnownFileType = sourcecode.c.h; path = ViewController.h; sourceTree = "<group>"; };
		E07BE5F218D052B50042B346 /* ViewController.m */ = {isa = PBXFileReference; lastKnownFileType = sourcecode.c.objc; path = ViewController.m; sourceTree = "<group>"; };
		E07BE5F418D052B50042B346 /* Images.xcassets */ = {isa = PBXFileReference; lastKnownFileType = folder.assetcatalog; path = Images.xcassets; sourceTree = "<group>"; };
		E07BE5FB18D052B50042B346 /* XCTest.framework */ = {isa = PBXFileReference; lastKnownFileType = wrapper.framework; name = XCTest.framework; path = Library/Frameworks/XCTest.framework; sourceTree = DEVELOPER_DIR; };
		E07BE61218D053B70042B346 /* LICENSE */ = {isa = PBXFileReference; fileEncoding = 4; lastKnownFileType = text; path = LICENSE; sourceTree = "<group>"; };
		E07BE61418D053C00042B346 /* README.markdown */ = {isa = PBXFileReference; fileEncoding = 4; lastKnownFileType = text; path = README.markdown; sourceTree = "<group>"; };
		E0DCDB2018D703E500F322BC /* primenumbers.js */ = {isa = PBXFileReference; fileEncoding = 4; lastKnownFileType = sourcecode.javascript; path = primenumbers.js; sourceTree = "<group>"; };
		E0DCDB2318D7629000F322BC /* ZMQContext.h */ = {isa = PBXFileReference; fileEncoding = 4; lastKnownFileType = sourcecode.c.h; path = ZMQContext.h; sourceTree = "<group>"; };
		E0DCDB2418D7629000F322BC /* ZMQContext.m */ = {isa = PBXFileReference; fileEncoding = 4; lastKnownFileType = sourcecode.c.objc; path = ZMQContext.m; sourceTree = "<group>"; };
		E0DCDB2518D7629000F322BC /* ZMQException.h */ = {isa = PBXFileReference; fileEncoding = 4; lastKnownFileType = sourcecode.c.h; path = ZMQException.h; sourceTree = "<group>"; };
		E0DCDB2618D7629000F322BC /* ZMQException.m */ = {isa = PBXFileReference; fileEncoding = 4; lastKnownFileType = sourcecode.c.objc; path = ZMQException.m; sourceTree = "<group>"; };
		E0DCDB2718D7629000F322BC /* ZMQObjC.h */ = {isa = PBXFileReference; fileEncoding = 4; lastKnownFileType = sourcecode.c.h; path = ZMQObjC.h; sourceTree = "<group>"; };
		E0DCDB2818D7629000F322BC /* ZMQSocket.h */ = {isa = PBXFileReference; fileEncoding = 4; lastKnownFileType = sourcecode.c.h; path = ZMQSocket.h; sourceTree = "<group>"; };
		E0DCDB2918D7629000F322BC /* ZMQSocket.m */ = {isa = PBXFileReference; fileEncoding = 4; lastKnownFileType = sourcecode.c.objc; path = ZMQSocket.m; sourceTree = "<group>"; };
		E0DCDB2D18D7634200F322BC /* UniversaliOS.framework */ = {isa = PBXFileReference; lastKnownFileType = wrapper.framework; path = UniversaliOS.framework; sourceTree = "<group>"; };
/* End PBXFileReference section */

/* Begin PBXFrameworksBuildPhase section */
		E07BE5D618D052B50042B346 /* Frameworks */ = {
			isa = PBXFrameworksBuildPhase;
			buildActionMask = 2147483647;
			files = (
				E0DCDB2E18D7634200F322BC /* UniversaliOS.framework in Frameworks */,
				E07BE5DF18D052B50042B346 /* CoreGraphics.framework in Frameworks */,
				E07BE5E118D052B50042B346 /* UIKit.framework in Frameworks */,
				E07BE5DD18D052B50042B346 /* Foundation.framework in Frameworks */,
			);
			runOnlyForDeploymentPostprocessing = 0;
		};
/* End PBXFrameworksBuildPhase section */

/* Begin PBXGroup section */
		E07BE5D018D052B50042B346 = {
			isa = PBXGroup;
			children = (
				E07BE61418D053C00042B346 /* README.markdown */,
				E07BE61218D053B70042B346 /* LICENSE */,
				E07BE61118D053AE0042B346 /* Server */,
				E07BE5E218D052B50042B346 /* iPhone-ZeroMQ */,
				E07BE5DB18D052B50042B346 /* Frameworks */,
				E07BE5DA18D052B50042B346 /* Products */,
			);
			sourceTree = "<group>";
		};
		E07BE5DA18D052B50042B346 /* Products */ = {
			isa = PBXGroup;
			children = (
				E07BE5D918D052B50042B346 /* iPhone-ZeroMQ.app */,
			);
			name = Products;
			sourceTree = "<group>";
		};
		E07BE5DB18D052B50042B346 /* Frameworks */ = {
			isa = PBXGroup;
			children = (
				E0DCDB2D18D7634200F322BC /* UniversaliOS.framework */,
				E07BE5DC18D052B50042B346 /* Foundation.framework */,
				E07BE5DE18D052B50042B346 /* CoreGraphics.framework */,
				E07BE5E018D052B50042B346 /* UIKit.framework */,
				E07BE5FB18D052B50042B346 /* XCTest.framework */,
			);
			name = Frameworks;
			sourceTree = "<group>";
		};
		E07BE5E218D052B50042B346 /* iPhone-ZeroMQ */ = {
			isa = PBXGroup;
			children = (
				E07BE5EB18D052B50042B346 /* AppDelegate.h */,
				E07BE5EC18D052B50042B346 /* AppDelegate.m */,
				E07BE5EE18D052B50042B346 /* Main.storyboard */,
				E07BE5F118D052B50042B346 /* ViewController.h */,
				E07BE5F218D052B50042B346 /* ViewController.m */,
				E07BE5F418D052B50042B346 /* Images.xcassets */,
				E07BE5E318D052B50042B346 /* Supporting Files */,
				E061E3E118D988B300CF6AEC /* ZMQServer.h */,
				E061E3E218D988B300CF6AEC /* ZMQServer.m */,
			);
			path = "iPhone-ZeroMQ";
			sourceTree = "<group>";
		};
		E07BE5E318D052B50042B346 /* Supporting Files */ = {
			isa = PBXGroup;
			children = (
				E0DCDB2218D7629000F322BC /* objc-zmq */,
				E07BE5E418D052B50042B346 /* iPhone-ZeroMQ-Info.plist */,
				E07BE5E518D052B50042B346 /* InfoPlist.strings */,
				E07BE5E818D052B50042B346 /* main.m */,
				E07BE5EA18D052B50042B346 /* iPhone-ZeroMQ-Prefix.pch */,
			);
			name = "Supporting Files";
			sourceTree = "<group>";
		};
		E07BE61118D053AE0042B346 /* Server */ = {
			isa = PBXGroup;
			children = (
				E076866018E0CA1A000FAB87 /* helloworld.js */,
				E0DCDB2018D703E500F322BC /* primenumbers.js */,
			);
			path = Server;
			sourceTree = "<group>";
		};
		E0DCDB2218D7629000F322BC /* objc-zmq */ = {
			isa = PBXGroup;
			children = (
				E0DCDB2318D7629000F322BC /* ZMQContext.h */,
				E0DCDB2418D7629000F322BC /* ZMQContext.m */,
				E0DCDB2518D7629000F322BC /* ZMQException.h */,
				E0DCDB2618D7629000F322BC /* ZMQException.m */,
				E0DCDB2718D7629000F322BC /* ZMQObjC.h */,
				E0DCDB2818D7629000F322BC /* ZMQSocket.h */,
				E0DCDB2918D7629000F322BC /* ZMQSocket.m */,
			);
			path = "objc-zmq";
			sourceTree = "<group>";
		};
/* End PBXGroup section */

/* Begin PBXNativeTarget section */
		E07BE5D818D052B50042B346 /* iPhone-ZeroMQ */ = {
			isa = PBXNativeTarget;
			buildConfigurationList = E07BE60B18D052B50042B346 /* Build configuration list for PBXNativeTarget "iPhone-ZeroMQ" */;
			buildPhases = (
				E07BE5D518D052B50042B346 /* Sources */,
				E07BE5D618D052B50042B346 /* Frameworks */,
				E07BE5D718D052B50042B346 /* Resources */,
			);
			buildRules = (
			);
			dependencies = (
			);
			name = "iPhone-ZeroMQ";
			productName = "iPhone-ZeroMQ";
			productReference = E07BE5D918D052B50042B346 /* iPhone-ZeroMQ.app */;
			productType = "com.apple.product-type.application";
		};
/* End PBXNativeTarget section */

/* Begin PBXProject section */
		E07BE5D118D052B50042B346 /* Project object */ = {
			isa = PBXProject;
			attributes = {
				LastUpgradeCheck = 0510;
				ORGANIZATIONNAME = "David Black";
			};
			buildConfigurationList = E07BE5D418D052B50042B346 /* Build configuration list for PBXProject "iPhone-ZeroMQ" */;
			compatibilityVersion = "Xcode 3.2";
			developmentRegion = English;
			hasScannedForEncodings = 0;
			knownRegions = (
				en,
				Base,
			);
			mainGroup = E07BE5D018D052B50042B346;
			productRefGroup = E07BE5DA18D052B50042B346 /* Products */;
			projectDirPath = "";
			projectRoot = "";
			targets = (
				E07BE5D818D052B50042B346 /* iPhone-ZeroMQ */,
			);
		};
/* End PBXProject section */

/* Begin PBXResourcesBuildPhase section */
		E07BE5D718D052B50042B346 /* Resources */ = {
			isa = PBXResourcesBuildPhase;
			buildActionMask = 2147483647;
			files = (
				E07BE5F518D052B50042B346 /* Images.xcassets in Resources */,
				E07BE61518D053C00042B346 /* README.markdown in Resources */,
				E07BE5E718D052B50042B346 /* InfoPlist.strings in Resources */,
				E07BE61318D053B70042B346 /* LICENSE in Resources */,
				E07BE5F018D052B50042B346 /* Main.storyboard in Resources */,
			);
			runOnlyForDeploymentPostprocessing = 0;
		};
/* End PBXResourcesBuildPhase section */

/* Begin PBXSourcesBuildPhase section */
		E07BE5D518D052B50042B346 /* Sources */ = {
			isa = PBXSourcesBuildPhase;
			buildActionMask = 2147483647;
			files = (
				E0DCDB2A18D7629000F322BC /* ZMQContext.m in Sources */,
				E061E3E318D988B300CF6AEC /* ZMQServer.m in Sources */,
				E07BE5F318D052B50042B346 /* ViewController.m in Sources */,
				E0DCDB2B18D7629000F322BC /* ZMQException.m in Sources */,
				E076866118E0CA1A000FAB87 /* helloworld.js in Sources */,
				E0DCDB2C18D7629000F322BC /* ZMQSocket.m in Sources */,
				E07BE5ED18D052B50042B346 /* AppDelegate.m in Sources */,
				E07BE5E918D052B50042B346 /* main.m in Sources */,
			);
			runOnlyForDeploymentPostprocessing = 0;
		};
/* End PBXSourcesBuildPhase section */

/* Begin PBXVariantGroup section */
		E07BE5E518D052B50042B346 /* InfoPlist.strings */ = {
			isa = PBXVariantGroup;
			children = (
				E07BE5E618D052B50042B346 /* en */,
			);
			name = InfoPlist.strings;
			sourceTree = "<group>";
		};
		E07BE5EE18D052B50042B346 /* Main.storyboard */ = {
			isa = PBXVariantGroup;
			children = (
				E07BE5EF18D052B50042B346 /* Base */,
			);
			name = Main.storyboard;
			sourceTree = "<group>";
		};
/* End PBXVariantGroup section */

/* Begin XCBuildConfiguration section */
		E07BE60918D052B50042B346 /* Debug */ = {
			isa = XCBuildConfiguration;
			buildSettings = {
				ALWAYS_SEARCH_USER_PATHS = NO;
				CLANG_CXX_LANGUAGE_STANDARD = "gnu++0x";
				CLANG_CXX_LIBRARY = "libc++";
				CLANG_ENABLE_MODULES = YES;
				CLANG_ENABLE_OBJC_ARC = YES;
				CLANG_WARN_BOOL_CONVERSION = YES;
				CLANG_WARN_CONSTANT_CONVERSION = YES;
				CLANG_WARN_DIRECT_OBJC_ISA_USAGE = YES_ERROR;
				CLANG_WARN_EMPTY_BODY = YES;
				CLANG_WARN_ENUM_CONVERSION = YES;
				CLANG_WARN_INT_CONVERSION = YES;
				CLANG_WARN_OBJC_ROOT_CLASS = YES_ERROR;
				CLANG_WARN__DUPLICATE_METHOD_MATCH = YES;
				"CODE_SIGN_IDENTITY[sdk=iphoneos*]" = "iPhone Developer";
				COPY_PHASE_STRIP = NO;
				GCC_C_LANGUAGE_STANDARD = gnu99;
				GCC_DYNAMIC_NO_PIC = NO;
				GCC_OPTIMIZATION_LEVEL = 0;
				GCC_PREPROCESSOR_DEFINITIONS = (
					"DEBUG=1",
					"$(inherited)",
				);
				GCC_SYMBOLS_PRIVATE_EXTERN = NO;
				GCC_WARN_64_TO_32_BIT_CONVERSION = YES;
				GCC_WARN_ABOUT_RETURN_TYPE = YES_ERROR;
				GCC_WARN_UNDECLARED_SELECTOR = YES;
				GCC_WARN_UNINITIALIZED_AUTOS = YES_AGGRESSIVE;
				GCC_WARN_UNUSED_FUNCTION = YES;
				GCC_WARN_UNUSED_VARIABLE = YES;
				IPHONEOS_DEPLOYMENT_TARGET = 7.1;
				ONLY_ACTIVE_ARCH = YES;
				SDKROOT = iphoneos;
			};
			name = Debug;
		};
		E07BE60A18D052B50042B346 /* Release */ = {
			isa = XCBuildConfiguration;
			buildSettings = {
				ALWAYS_SEARCH_USER_PATHS = NO;
				CLANG_CXX_LANGUAGE_STANDARD = "gnu++0x";
				CLANG_CXX_LIBRARY = "libc++";
				CLANG_ENABLE_MODULES = YES;
				CLANG_ENABLE_OBJC_ARC = YES;
				CLANG_WARN_BOOL_CONVERSION = YES;
				CLANG_WARN_CONSTANT_CONVERSION = YES;
				CLANG_WARN_DIRECT_OBJC_ISA_USAGE = YES_ERROR;
				CLANG_WARN_EMPTY_BODY = YES;
				CLANG_WARN_ENUM_CONVERSION = YES;
				CLANG_WARN_INT_CONVERSION = YES;
				CLANG_WARN_OBJC_ROOT_CLASS = YES_ERROR;
				CLANG_WARN__DUPLICATE_METHOD_MATCH = YES;
				"CODE_SIGN_IDENTITY[sdk=iphoneos*]" = "iPhone Developer";
				COPY_PHASE_STRIP = YES;
				ENABLE_NS_ASSERTIONS = NO;
				GCC_C_LANGUAGE_STANDARD = gnu99;
				GCC_WARN_64_TO_32_BIT_CONVERSION = YES;
				GCC_WARN_ABOUT_RETURN_TYPE = YES_ERROR;
				GCC_WARN_UNDECLARED_SELECTOR = YES;
				GCC_WARN_UNINITIALIZED_AUTOS = YES_AGGRESSIVE;
				GCC_WARN_UNUSED_FUNCTION = YES;
				GCC_WARN_UNUSED_VARIABLE = YES;
				IPHONEOS_DEPLOYMENT_TARGET = 7.1;
				SDKROOT = iphoneos;
				VALIDATE_PRODUCT = YES;
			};
			name = Release;
		};
		E07BE60C18D052B50042B346 /* Debug */ = {
			isa = XCBuildConfiguration;
			buildSettings = {
				ASSETCATALOG_COMPILER_APPICON_NAME = AppIcon;
				ASSETCATALOG_COMPILER_LAUNCHIMAGE_NAME = LaunchImage;
				FRAMEWORK_SEARCH_PATHS = (
					"$(inherited)",
					"$(PROJECT_DIR)",
				);
				GCC_PRECOMPILE_PREFIX_HEADER = YES;
				GCC_PREFIX_HEADER = "iPhone-ZeroMQ/iPhone-ZeroMQ-Prefix.pch";
				INFOPLIST_FILE = "iPhone-ZeroMQ/iPhone-ZeroMQ-Info.plist";
				OTHER_LDFLAGS = (
					"-ObjC",
					"-lstdc++",
				);
				PRODUCT_NAME = "$(TARGET_NAME)";
				WRAPPER_EXTENSION = app;
			};
			name = Debug;
		};
		E07BE60D18D052B50042B346 /* Release */ = {
			isa = XCBuildConfiguration;
			buildSettings = {
				ASSETCATALOG_COMPILER_APPICON_NAME = AppIcon;
				ASSETCATALOG_COMPILER_LAUNCHIMAGE_NAME = LaunchImage;
				FRAMEWORK_SEARCH_PATHS = (
					"$(inherited)",
					"$(PROJECT_DIR)",
				);
				GCC_PRECOMPILE_PREFIX_HEADER = YES;
				GCC_PREFIX_HEADER = "iPhone-ZeroMQ/iPhone-ZeroMQ-Prefix.pch";
				INFOPLIST_FILE = "iPhone-ZeroMQ/iPhone-ZeroMQ-Info.plist";
				OTHER_LDFLAGS = (
					"-ObjC",
					"-lstdc++",
				);
				PRODUCT_NAME = "$(TARGET_NAME)";
				WRAPPER_EXTENSION = app;
			};
			name = Release;
		};
/* End XCBuildConfiguration section */

/* Begin XCConfigurationList section */
		E07BE5D418D052B50042B346 /* Build configuration list for PBXProject "iPhone-ZeroMQ" */ = {
			isa = XCConfigurationList;
			buildConfigurations = (
				E07BE60918D052B50042B346 /* Debug */,
				E07BE60A18D052B50042B346 /* Release */,
			);
			defaultConfigurationIsVisible = 0;
			defaultConfigurationName = Release;
		};
		E07BE60B18D052B50042B346 /* Build configuration list for PBXNativeTarget "iPhone-ZeroMQ" */ = {
			isa = XCConfigurationList;
			buildConfigurations = (
				E07BE60C18D052B50042B346 /* Debug */,
				E07BE60D18D052B50042B346 /* Release */,
			);
			defaultConfigurationIsVisible = 0;
			defaultConfigurationName = Release;
		};
/* End XCConfigurationList section */
	};
	rootObject = E07BE5D118D052B50042B346 /* Project object */;
}
